// !$*UTF8*$!
{
	archiveVersion = 1;
	classes = {
	};
	objectVersion = 77;
	objects = {

/* Begin PBXBuildFile section */
		0348D4EA2F68AD00004FA174 /* TelemetryDeck in Frameworks */ = {isa = PBXBuildFile; productRef = 0348D4EB2F68AD00004FA174 /* TelemetryDeck */; };
		03CD276C2F4B12400011395A /* ZnuniWidgetExtension.appex in Embed Widget Extension */ = {isa = PBXBuildFile; fileRef = 03CD27602F4B12400011395A /* ZnuniWidgetExtension.appex */; settings = {ATTRIBUTES = (RemoveHeadersOnCopy, ); }; };
/* End PBXBuildFile section */

/* Begin PBXContainerItemProxy section */
		03CD273B2F4B123F0011395A /* PBXContainerItemProxy */ = {
			isa = PBXContainerItemProxy;
			containerPortal = 03CD27252F4B123E0011395A /* Project object */;
			proxyType = 1;
			remoteGlobalIDString = 03CD272C2F4B123E0011395A;
			remoteInfo = Znuni;
		};
		03CD27452F4B123F0011395A /* PBXContainerItemProxy */ = {
			isa = PBXContainerItemProxy;
			containerPortal = 03CD27252F4B123E0011395A /* Project object */;
			proxyType = 1;
			remoteGlobalIDString = 03CD272C2F4B123E0011395A;
			remoteInfo = Znuni;
		};
		03CD27692F4B12400011395A /* PBXContainerItemProxy */ = {
			isa = PBXContainerItemProxy;
			containerPortal = 03CD27252F4B123E0011395A /* Project object */;
			proxyType = 1;
			remoteGlobalIDString = 03CD27622F4B12400011395A;
			remoteInfo = ZnuniWidgetExtension;
		};
/* End PBXContainerItemProxy section */

/* Begin PBXCopyFilesBuildPhase section */
		03CD276B2F4B12400011395A /* Embed Widget Extension */ = {
			isa = PBXCopyFilesBuildPhase;
			buildActionMask = 2147483647;
			dstPath = "";
			dstSubfolderSpec = 13;
			files = (
				03CD276C2F4B12400011395A /* ZnuniWidgetExtension.appex in Embed Widget Extension */,
			);
			name = "Embed Widget Extension";
			runOnlyForDeploymentPostprocessing = 0;
		};
/* End PBXCopyFilesBuildPhase section */

/* Begin PBXFileReference section */
		03CD272D2F4B123E0011395A /* Znuni.app */ = {isa = PBXFileReference; explicitFileType = wrapper.application; includeInIndex = 0; path = Znuni.app; sourceTree = BUILT_PRODUCTS_DIR; };
		03CD273A2F4B123F0011395A /* ZnuniTests.xctest */ = {isa = PBXFileReference; explicitFileType = wrapper.cfbundle; includeInIndex = 0; path = ZnuniTests.xctest; sourceTree = BUILT_PRODUCTS_DIR; };
		03CD27442F4B123F0011395A /* ZnuniUITests.xctest */ = {isa = PBXFileReference; explicitFileType = wrapper.cfbundle; includeInIndex = 0; path = ZnuniUITests.xctest; sourceTree = BUILT_PRODUCTS_DIR; };
		03CD27602F4B12400011395A /* ZnuniWidgetExtension.appex */ = {isa = PBXFileReference; explicitFileType = "wrapper.app-extension"; includeInIndex = 0; path = ZnuniWidgetExtension.appex; sourceTree = BUILT_PRODUCTS_DIR; };
/* End PBXFileReference section */

/* Begin PBXFileSystemSynchronizedBuildFileExceptionSet section */
		0348D4F02F6A000000000001 /* Exceptions for "Znuni" folder in "Znuni" target */ = {
			isa = PBXFileSystemSynchronizedBuildFileExceptionSet;
			membershipExceptions = (
				Info.plist,
			);
			target = 03CD272C2F4B123E0011395A /* Znuni */;
		};
		03CD276D2F4B12400011395A /* Exceptions for "ZnuniWidget" folder in "ZnuniWidgetExtension" target */ = {
			isa = PBXFileSystemSynchronizedBuildFileExceptionSet;
			membershipExceptions = (
				Info.plist,
			);
			target = 03CD27622F4B12400011395A /* ZnuniWidgetExtension */;
		};
/* End PBXFileSystemSynchronizedBuildFileExceptionSet section */

/* Begin PBXFileSystemSynchronizedRootGroup section */
		03CD272F2F4B123E0011395A /* Znuni */ = {
			isa = PBXFileSystemSynchronizedRootGroup;
			exceptions = (
				0348D4F02F6A000000000001 /* Exceptions for "Znuni" folder in "Znuni" target */,
			);
			path = Znuni;
			sourceTree = "<group>";
		};
		03CD273D2F4B123F0011395A /* ZnuniTests */ = {
			isa = PBXFileSystemSynchronizedRootGroup;
			path = ZnuniTests;
			sourceTree = "<group>";
		};
		03CD27472F4B123F0011395A /* ZnuniUITests */ = {
			isa = PBXFileSystemSynchronizedRootGroup;
			path = ZnuniUITests;
			sourceTree = "<group>";
		};
		03CD27612F4B12400011395A /* ZnuniWidget */ = {
			isa = PBXFileSystemSynchronizedRootGroup;
			exceptions = (
				03CD276D2F4B12400011395A /* Exceptions for "ZnuniWidget" folder in "ZnuniWidgetExtension" target */,
			);
			path = ZnuniWidget;
			sourceTree = "<group>";
		};
/* End PBXFileSystemSynchronizedRootGroup section */

/* Begin PBXFrameworksBuildPhase section */
		03CD272A2F4B123E0011395A /* Frameworks */ = {
			isa = PBXFrameworksBuildPhase;
			buildActionMask = 2147483647;
			files = (
				0348D4EA2F68AD00004FA174 /* TelemetryDeck in Frameworks */,
			);
			runOnlyForDeploymentPostprocessing = 0;
		};
		03CD27372F4B123F0011395A /* Frameworks */ = {
			isa = PBXFrameworksBuildPhase;
			buildActionMask = 2147483647;
			files = (
			);
			runOnlyForDeploymentPostprocessing = 0;
		};
		03CD27412F4B123F0011395A /* Frameworks */ = {
			isa = PBXFrameworksBuildPhase;
			buildActionMask = 2147483647;
			files = (
			);
			runOnlyForDeploymentPostprocessing = 0;
		};
		03CD27642F4B12400011395A /* Frameworks */ = {
			isa = PBXFrameworksBuildPhase;
			buildActionMask = 2147483647;
			files = (
			);
			runOnlyForDeploymentPostprocessing = 0;
		};
/* End PBXFrameworksBuildPhase section */

/* Begin PBXGroup section */
		03CD27242F4B123E0011395A = {
			isa = PBXGroup;
			children = (
				03CD272F2F4B123E0011395A /* Znuni */,
				03CD27612F4B12400011395A /* ZnuniWidget */,
				03CD273D2F4B123F0011395A /* ZnuniTests */,
				03CD27472F4B123F0011395A /* ZnuniUITests */,
				03CD272E2F4B123E0011395A /* Products */,
			);
			sourceTree = "<group>";
		};
		03CD272E2F4B123E0011395A /* Products */ = {
			isa = PBXGroup;
			children = (
				03CD272D2F4B123E0011395A /* Znuni.app */,
				03CD273A2F4B123F0011395A /* ZnuniTests.xctest */,
				03CD27442F4B123F0011395A /* ZnuniUITests.xctest */,
				03CD27602F4B12400011395A /* ZnuniWidgetExtension.appex */,
			);
			name = Products;
			sourceTree = "<group>";
		};
/* End PBXGroup section */

/* Begin PBXNativeTarget section */
		03CD272C2F4B123E0011395A /* Znuni */ = {
			isa = PBXNativeTarget;
			buildConfigurationList = 03CD274E2F4B123F0011395A /* Build configuration list for PBXNativeTarget "Znuni" */;
			buildPhases = (
				03CD27292F4B123E0011395A /* Sources */,
				03CD272A2F4B123E0011395A /* Frameworks */,
				03CD272B2F4B123E0011395A /* Resources */,
				03CD276B2F4B12400011395A /* Embed Widget Extension */,
			);
			buildRules = (
			);
			dependencies = (
				03CD276A2F4B12400011395A /* PBXTargetDependency */,
			);
			fileSystemSynchronizedGroups = (
				03CD272F2F4B123E0011395A /* Znuni */,
			);
			name = Znuni;
			packageProductDependencies = (
				0348D4EB2F68AD00004FA174 /* TelemetryDeck */,
			);
			productName = Znuni;
			productReference = 03CD272D2F4B123E0011395A /* Znuni.app */;
			productType = "com.apple.product-type.application";
		};
		03CD27392F4B123F0011395A /* ZnuniTests */ = {
			isa = PBXNativeTarget;
			buildConfigurationList = 03CD27512F4B123F0011395A /* Build configuration list for PBXNativeTarget "ZnuniTests" */;
			buildPhases = (
				03CD27362F4B123F0011395A /* Sources */,
				03CD27372F4B123F0011395A /* Frameworks */,
				03CD27382F4B123F0011395A /* Resources */,
			);
			buildRules = (
			);
			dependencies = (
				03CD273C2F4B123F0011395A /* PBXTargetDependency */,
			);
			fileSystemSynchronizedGroups = (
				03CD273D2F4B123F0011395A /* ZnuniTests */,
			);
			name = ZnuniTests;
			packageProductDependencies = (
			);
			productName = ZnuniTests;
			productReference = 03CD273A2F4B123F0011395A /* ZnuniTests.xctest */;
			productType = "com.apple.product-type.bundle.unit-test";
		};
		03CD27432F4B123F0011395A /* ZnuniUITests */ = {
			isa = PBXNativeTarget;
			buildConfigurationList = 03CD27542F4B123F0011395A /* Build configuration list for PBXNativeTarget "ZnuniUITests" */;
			buildPhases = (
				03CD27402F4B123F0011395A /* Sources */,
				03CD27412F4B123F0011395A /* Frameworks */,
				03CD27422F4B123F0011395A /* Resources */,
			);
			buildRules = (
			);
			dependencies = (
				03CD27462F4B123F0011395A /* PBXTargetDependency */,
			);
			fileSystemSynchronizedGroups = (
				03CD27472F4B123F0011395A /* ZnuniUITests */,
			);
			name = ZnuniUITests;
			packageProductDependencies = (
			);
			productName = ZnuniUITests;
			productReference = 03CD27442F4B123F0011395A /* ZnuniUITests.xctest */;
			productType = "com.apple.product-type.bundle.ui-testing";
		};
		03CD27622F4B12400011395A /* ZnuniWidgetExtension */ = {
			isa = PBXNativeTarget;
			buildConfigurationList = 03CD27682F4B12400011395A /* Build configuration list for PBXNativeTarget "ZnuniWidgetExtension" */;
			buildPhases = (
				03CD27632F4B12400011395A /* Sources */,
				03CD27642F4B12400011395A /* Frameworks */,
				03CD27652F4B12400011395A /* Resources */,
			);
			buildRules = (
			);
			dependencies = (
			);
			fileSystemSynchronizedGroups = (
				03CD27612F4B12400011395A /* ZnuniWidget */,
			);
			name = ZnuniWidgetExtension;
			packageProductDependencies = (
			);
			productName = ZnuniWidgetExtension;
			productReference = 03CD27602F4B12400011395A /* ZnuniWidgetExtension.appex */;
			productType = "com.apple.product-type.app-extension";
		};
/* End PBXNativeTarget section */

/* Begin PBXProject section */
		03CD27252F4B123E0011395A /* Project object */ = {
			isa = PBXProject;
			attributes = {
				BuildIndependentTargetsInParallel = 1;
				LastSwiftUpdateCheck = 2620;
				LastUpgradeCheck = 2620;
				TargetAttributes = {
					03CD272C2F4B123E0011395A = {
						CreatedOnToolsVersion = 26.2;
					};
					03CD27392F4B123F0011395A = {
						CreatedOnToolsVersion = 26.2;
						TestTargetID = 03CD272C2F4B123E0011395A;
					};
					03CD27432F4B123F0011395A = {
						CreatedOnToolsVersion = 26.2;
						TestTargetID = 03CD272C2F4B123E0011395A;
					};
					03CD27622F4B12400011395A = {
						CreatedOnToolsVersion = 26.2;
					};
				};
			};
			buildConfigurationList = 03CD27282F4B123E0011395A /* Build configuration list for PBXProject "Znuni" */;
			developmentRegion = en;
			hasScannedForEncodings = 0;
			knownRegions = (
				en,
				Base,
			);
			mainGroup = 03CD27242F4B123E0011395A;
			minimizedProjectReferenceProxies = 1;
			packageReferences = (
				0348D4E92F68ACF0004FA174 /* XCRemoteSwiftPackageReference "SwiftSDK" */,
			);
			preferredProjectObjectVersion = 77;
			productRefGroup = 03CD272E2F4B123E0011395A /* Products */;
			projectDirPath = "";
			projectRoot = "";
			targets = (
				03CD272C2F4B123E0011395A /* Znuni */,
				03CD27622F4B12400011395A /* ZnuniWidgetExtension */,
				03CD27392F4B123F0011395A /* ZnuniTests */,
				03CD27432F4B123F0011395A /* ZnuniUITests */,
			);
		};
/* End PBXProject section */

/* Begin PBXResourcesBuildPhase section */
		03CD272B2F4B123E0011395A /* Resources */ = {
			isa = PBXResourcesBuildPhase;
			buildActionMask = 2147483647;
			files = (
			);
			runOnlyForDeploymentPostprocessing = 0;
		};
		03CD27382F4B123F0011395A /* Resources */ = {
			isa = PBXResourcesBuildPhase;
			buildActionMask = 2147483647;
			files = (
			);
			runOnlyForDeploymentPostprocessing = 0;
		};
		03CD27422F4B123F0011395A /* Resources */ = {
			isa = PBXResourcesBuildPhase;
			buildActionMask = 2147483647;
			files = (
			);
			runOnlyForDeploymentPostprocessing = 0;
		};
		03CD27652F4B12400011395A /* Resources */ = {
			isa = PBXResourcesBuildPhase;
			buildActionMask = 2147483647;
			files = (
			);
			runOnlyForDeploymentPostprocessing = 0;
		};
/* End PBXResourcesBuildPhase section */

/* Begin PBXSourcesBuildPhase section */
		03CD27292F4B123E0011395A /* Sources */ = {
			isa = PBXSourcesBuildPhase;
			buildActionMask = 2147483647;
			files = (
			);
			runOnlyForDeploymentPostprocessing = 0;
		};
		03CD27362F4B123F0011395A /* Sources */ = {
			isa = PBXSourcesBuildPhase;
			buildActionMask = 2147483647;
			files = (
			);
			runOnlyForDeploymentPostprocessing = 0;
		};
		03CD27402F4B123F0011395A /* Sources */ = {
			isa = PBXSourcesBuildPhase;
			buildActionMask = 2147483647;
			files = (
			);
			runOnlyForDeploymentPostprocessing = 0;
		};
		03CD27632F4B12400011395A /* Sources */ = {
			isa = PBXSourcesBuildPhase;
			buildActionMask = 2147483647;
			files = (
			);
			runOnlyForDeploymentPostprocessing = 0;
		};
/* End PBXSourcesBuildPhase section */

/* Begin PBXTargetDependency section */
		03CD273C2F4B123F0011395A /* PBXTargetDependency */ = {
			isa = PBXTargetDependency;
			target = 03CD272C2F4B123E0011395A /* Znuni */;
			targetProxy = 03CD273B2F4B123F0011395A /* PBXContainerItemProxy */;
		};
		03CD27462F4B123F0011395A /* PBXTargetDependency */ = {
			isa = PBXTargetDependency;
			target = 03CD272C2F4B123E0011395A /* Znuni */;
			targetProxy = 03CD27452F4B123F0011395A /* PBXContainerItemProxy */;
		};
		03CD276A2F4B12400011395A /* PBXTargetDependency */ = {
			isa = PBXTargetDependency;
			target = 03CD27622F4B12400011395A /* ZnuniWidgetExtension */;
			targetProxy = 03CD27692F4B12400011395A /* PBXContainerItemProxy */;
		};
/* End PBXTargetDependency section */

/* Begin XCBuildConfiguration section */
		03CD274C2F4B123F0011395A /* Debug */ = {
			isa = XCBuildConfiguration;
			buildSettings = {
				ALWAYS_SEARCH_USER_PATHS = NO;
				ASSETCATALOG_COMPILER_GENERATE_SWIFT_ASSET_SYMBOL_EXTENSIONS = YES;
				CLANG_ANALYZER_NONNULL = YES;
				CLANG_ANALYZER_NUMBER_OBJECT_CONVERSION = YES_AGGRESSIVE;
				CLANG_CXX_LANGUAGE_STANDARD = "gnu++20";
				CLANG_ENABLE_MODULES = YES;
				CLANG_ENABLE_OBJC_ARC = YES;
				CLANG_ENABLE_OBJC_WEAK = YES;
				CLANG_WARN_BLOCK_CAPTURE_AUTORELEASING = YES;
				CLANG_WARN_BOOL_CONVERSION = YES;
				CLANG_WARN_COMMA = YES;
				CLANG_WARN_CONSTANT_CONVERSION = YES;
				CLANG_WARN_DEPRECATED_OBJC_IMPLEMENTATIONS = YES;
				CLANG_WARN_DIRECT_OBJC_ISA_USAGE = YES_ERROR;
				CLANG_WARN_DOCUMENTATION_COMMENTS = YES;
				CLANG_WARN_EMPTY_BODY = YES;
				CLANG_WARN_ENUM_CONVERSION = YES;
				CLANG_WARN_INFINITE_RECURSION = YES;
				CLANG_WARN_INT_CONVERSION = YES;
				CLANG_WARN_NON_LITERAL_NULL_CONVERSION = YES;
				CLANG_WARN_OBJC_IMPLICIT_RETAIN_SELF = YES;
				CLANG_WARN_OBJC_LITERAL_CONVERSION = YES;
				CLANG_WARN_OBJC_ROOT_CLASS = YES_ERROR;
				CLANG_WARN_QUOTED_INCLUDE_IN_FRAMEWORK_HEADER = YES;
				CLANG_WARN_RANGE_LOOP_ANALYSIS = YES;
				CLANG_WARN_STRICT_PROTOTYPES = YES;
				CLANG_WARN_SUSPICIOUS_MOVE = YES;
				CLANG_WARN_UNGUARDED_AVAILABILITY = YES_AGGRESSIVE;
				CLANG_WARN_UNREACHABLE_CODE = YES;
				CLANG_WARN__DUPLICATE_METHOD_MATCH = YES;
				COPY_PHASE_STRIP = NO;
				DEBUG_INFORMATION_FORMAT = dwarf;
				ENABLE_STRICT_OBJC_MSGSEND = YES;
				ENABLE_TESTABILITY = YES;
				ENABLE_USER_SCRIPT_SANDBOXING = YES;
				GCC_C_LANGUAGE_STANDARD = gnu17;
				GCC_DYNAMIC_NO_PIC = NO;
				GCC_NO_COMMON_BLOCKS = YES;
				GCC_OPTIMIZATION_LEVEL = 0;
				GCC_PREPROCESSOR_DEFINITIONS = (
					"DEBUG=1",
					"$(inherited)",
				);
				GCC_WARN_64_TO_32_BIT_CONVERSION = YES;
				GCC_WARN_ABOUT_RETURN_TYPE = YES_ERROR;
				GCC_WARN_UNDECLARED_SELECTOR = YES;
				GCC_WARN_UNINITIALIZED_AUTOS = YES_AGGRESSIVE;
				GCC_WARN_UNUSED_FUNCTION = YES;
				GCC_WARN_UNUSED_VARIABLE = YES;
				IPHONEOS_DEPLOYMENT_TARGET = 17.0;
				LOCALIZATION_PREFERS_STRING_CATALOGS = YES;
				MTL_ENABLE_DEBUG_INFO = INCLUDE_SOURCE;
				MTL_FAST_MATH = YES;
				ONLY_ACTIVE_ARCH = YES;
				SDKROOT = iphoneos;
				SWIFT_ACTIVE_COMPILATION_CONDITIONS = "DEBUG $(inherited)";
				SWIFT_OPTIMIZATION_LEVEL = "-Onone";
			};
			name = Debug;
		};
		03CD274D2F4B123F0011395A /* Release */ = {
			isa = XCBuildConfiguration;
			buildSettings = {
				ALWAYS_SEARCH_USER_PATHS = NO;
				ASSETCATALOG_COMPILER_GENERATE_SWIFT_ASSET_SYMBOL_EXTENSIONS = YES;
				CLANG_ANALYZER_NONNULL = YES;
				CLANG_ANALYZER_NUMBER_OBJECT_CONVERSION = YES_AGGRESSIVE;
				CLANG_CXX_LANGUAGE_STANDARD = "gnu++20";
				CLANG_ENABLE_MODULES = YES;
				CLANG_ENABLE_OBJC_ARC = YES;
				CLANG_ENABLE_OBJC_WEAK = YES;
				CLANG_WARN_BLOCK_CAPTURE_AUTORELEASING = YES;
				CLANG_WARN_BOOL_CONVERSION = YES;
				CLANG_WARN_COMMA = YES;
				CLANG_WARN_CONSTANT_CONVERSION = YES;
				CLANG_WARN_DEPRECATED_OBJC_IMPLEMENTATIONS = YES;
				CLANG_WARN_DIRECT_OBJC_ISA_USAGE = YES_ERROR;
				CLANG_WARN_DOCUMENTATION_COMMENTS = YES;
				CLANG_WARN_EMPTY_BODY = YES;
				CLANG_WARN_ENUM_CONVERSION = YES;
				CLANG_WARN_INFINITE_RECURSION = YES;
				CLANG_WARN_INT_CONVERSION = YES;
				CLANG_WARN_NON_LITERAL_NULL_CONVERSION = YES;
				CLANG_WARN_OBJC_IMPLICIT_RETAIN_SELF = YES;
				CLANG_WARN_OBJC_LITERAL_CONVERSION = YES;
				CLANG_WARN_OBJC_ROOT_CLASS = YES_ERROR;
				CLANG_WARN_QUOTED_INCLUDE_IN_FRAMEWORK_HEADER = YES;
				CLANG_WARN_RANGE_LOOP_ANALYSIS = YES;
				CLANG_WARN_STRICT_PROTOTYPES = YES;
				CLANG_WARN_SUSPICIOUS_MOVE = YES;
				CLANG_WARN_UNGUARDED_AVAILABILITY = YES_AGGRESSIVE;
				CLANG_WARN_UNREACHABLE_CODE = YES;
				CLANG_WARN__DUPLICATE_METHOD_MATCH = YES;
				COPY_PHASE_STRIP = NO;
				DEBUG_INFORMATION_FORMAT = "dwarf-with-dsym";
				ENABLE_NS_ASSERTIONS = NO;
				ENABLE_STRICT_OBJC_MSGSEND = YES;
				ENABLE_USER_SCRIPT_SANDBOXING = YES;
				GCC_C_LANGUAGE_STANDARD = gnu17;
				GCC_NO_COMMON_BLOCKS = YES;
				GCC_WARN_64_TO_32_BIT_CONVERSION = YES;
				GCC_WARN_ABOUT_RETURN_TYPE = YES_ERROR;
				GCC_WARN_UNDECLARED_SELECTOR = YES;
				GCC_WARN_UNINITIALIZED_AUTOS = YES_AGGRESSIVE;
				GCC_WARN_UNUSED_FUNCTION = YES;
				GCC_WARN_UNUSED_VARIABLE = YES;
				IPHONEOS_DEPLOYMENT_TARGET = 17.0;
				LOCALIZATION_PREFERS_STRING_CATALOGS = YES;
				MTL_ENABLE_DEBUG_INFO = NO;
				MTL_FAST_MATH = YES;
				SDKROOT = iphoneos;
				SWIFT_COMPILATION_MODE = wholemodule;
				VALIDATE_PRODUCT = YES;
			};
			name = Release;
		};
		03CD274F2F4B123F0011395A /* Debug */ = {
			isa = XCBuildConfiguration;
			buildSettings = {
				ASSETCATALOG_COMPILER_APPICON_NAME = AppIcon;
				ASSETCATALOG_COMPILER_GLOBAL_ACCENT_COLOR_NAME = AccentColor;
				CODE_SIGN_STYLE = Automatic;
				CURRENT_PROJECT_VERSION = 1;
				DEVELOPMENT_TEAM = 83YV88VTB8;
				ENABLE_PREVIEWS = YES;
				GENERATE_INFOPLIST_FILE = YES;
				INFOPLIST_FILE = Znuni/Info.plist;
				INFOPLIST_KEY_NSLocationWhenInUseUsageDescription = "Znüni uses your location to show nearby activities and calculate distances.";
				INFOPLIST_KEY_UIApplicationSceneManifest_Generation = YES;
				INFOPLIST_KEY_UIApplicationSupportsIndirectInputEvents = YES;
				INFOPLIST_KEY_UILaunchScreen_Generation = YES;
				INFOPLIST_KEY_UISupportedInterfaceOrientations_iPad = "UIInterfaceOrientationPortrait UIInterfaceOrientationPortraitUpsideDown UIInterfaceOrientationLandscapeLeft UIInterfaceOrientationLandscapeRight";
				INFOPLIST_KEY_UISupportedInterfaceOrientations_iPhone = "UIInterfaceOrientationPortrait UIInterfaceOrientationLandscapeLeft UIInterfaceOrientationLandscapeRight";
				LD_RUNPATH_SEARCH_PATHS = (
					"$(inherited)",
					"@executable_path/Frameworks",
				);
				MARKETING_VERSION = 1.0;
				PRODUCT_BUNDLE_IDENTIFIER = Bashar.Znuni;
				PRODUCT_NAME = "$(TARGET_NAME)";
				STRING_CATALOG_GENERATE_SYMBOLS = YES;
				SWIFT_APPROACHABLE_CONCURRENCY = YES;
				SWIFT_DEFAULT_ACTOR_ISOLATION = MainActor;
				SWIFT_EMIT_LOC_STRINGS = YES;
				SWIFT_UPCOMING_FEATURE_MEMBER_IMPORT_VISIBILITY = YES;
				SWIFT_VERSION = 5.0;
				TARGETED_DEVICE_FAMILY = "1,2";
			};
			name = Debug;
		};
		03CD27502F4B123F0011395A /* Release */ = {
			isa = XCBuildConfiguration;
			buildSettings = {
				ASSETCATALOG_COMPILER_APPICON_NAME = AppIcon;
				ASSETCATALOG_COMPILER_GLOBAL_ACCENT_COLOR_NAME = AccentColor;
				CODE_SIGN_STYLE = Automatic;
				CURRENT_PROJECT_VERSION = 1;
				DEVELOPMENT_TEAM = 83YV88VTB8;
				ENABLE_PREVIEWS = YES;
				GENERATE_INFOPLIST_FILE = YES;
				INFOPLIST_FILE = Znuni/Info.plist;
				INFOPLIST_KEY_NSLocationWhenInUseUsageDescription = "Znüni uses your location to show nearby activities and calculate distances.";
				INFOPLIST_KEY_UIApplicationSceneManifest_Generation = YES;
				INFOPLIST_KEY_UIApplicationSupportsIndirectInputEvents = YES;
				INFOPLIST_KEY_UILaunchScreen_Generation = YES;
				INFOPLIST_KEY_UISupportedInterfaceOrientations_iPad = "UIInterfaceOrientationPortrait UIInterfaceOrientationPortraitUpsideDown UIInterfaceOrientationLandscapeLeft UIInterfaceOrientationLandscapeRight";
				INFOPLIST_KEY_UISupportedInterfaceOrientations_iPhone = "UIInterfaceOrientationPortrait UIInterfaceOrientationLandscapeLeft UIInterfaceOrientationLandscapeRight";
				LD_RUNPATH_SEARCH_PATHS = (
					"$(inherited)",
					"@executable_path/Frameworks",
				);
				MARKETING_VERSION = 1.0;
				PRODUCT_BUNDLE_IDENTIFIER = Bashar.Znuni;
				PRODUCT_NAME = "$(TARGET_NAME)";
				STRING_CATALOG_GENERATE_SYMBOLS = YES;
				SWIFT_APPROACHABLE_CONCURRENCY = YES;
				SWIFT_DEFAULT_ACTOR_ISOLATION = MainActor;
				SWIFT_EMIT_LOC_STRINGS = YES;
				SWIFT_UPCOMING_FEATURE_MEMBER_IMPORT_VISIBILITY = YES;
				SWIFT_VERSION = 5.0;
				TARGETED_DEVICE_FAMILY = "1,2";
			};
			name = Release;
		};
		03CD27522F4B123F0011395A /* Debug */ = {
			isa = XCBuildConfiguration;
			buildSettings = {
				BUNDLE_LOADER = "$(TEST_HOST)";
				CODE_SIGN_STYLE = Automatic;
				CURRENT_PROJECT_VERSION = 1;
				DEVELOPMENT_TEAM = 83YV88VTB8;
				GENERATE_INFOPLIST_FILE = YES;
				IPHONEOS_DEPLOYMENT_TARGET = 17.0;
				MARKETING_VERSION = 1.0;
				PRODUCT_BUNDLE_IDENTIFIER = Bashar.ZnuniTests;
				PRODUCT_NAME = "$(TARGET_NAME)";
				STRING_CATALOG_GENERATE_SYMBOLS = NO;
				SWIFT_APPROACHABLE_CONCURRENCY = YES;
				SWIFT_EMIT_LOC_STRINGS = NO;
				SWIFT_UPCOMING_FEATURE_MEMBER_IMPORT_VISIBILITY = YES;
				SWIFT_VERSION = 5.0;
				TARGETED_DEVICE_FAMILY = "1,2";
				TEST_HOST = "$(BUILT_PRODUCTS_DIR)/Znuni.app/$(BUNDLE_EXECUTABLE_FOLDER_PATH)/Znuni";
			};
			name = Debug;
		};
		03CD27532F4B123F0011395A /* Release */ = {
			isa = XCBuildConfiguration;
			buildSettings = {
				BUNDLE_LOADER = "$(TEST_HOST)";
				CODE_SIGN_STYLE = Automatic;
				CURRENT_PROJECT_VERSION = 1;
				DEVELOPMENT_TEAM = 83YV88VTB8;
				GENERATE_INFOPLIST_FILE = YES;
				IPHONEOS_DEPLOYMENT_TARGET = 17.0;
				MARKETING_VERSION = 1.0;
				PRODUCT_BUNDLE_IDENTIFIER = Bashar.ZnuniTests;
				PRODUCT_NAME = "$(TARGET_NAME)";
				STRING_CATALOG_GENERATE_SYMBOLS = NO;
				SWIFT_APPROACHABLE_CONCURRENCY = YES;
				SWIFT_EMIT_LOC_STRINGS = NO;
				SWIFT_UPCOMING_FEATURE_MEMBER_IMPORT_VISIBILITY = YES;
				SWIFT_VERSION = 5.0;
				TARGETED_DEVICE_FAMILY = "1,2";
				TEST_HOST = "$(BUILT_PRODUCTS_DIR)/Znuni.app/$(BUNDLE_EXECUTABLE_FOLDER_PATH)/Znuni";
			};
			name = Release;
		};
		03CD27552F4B123F0011395A /* Debug */ = {
			isa = XCBuildConfiguration;
			buildSettings = {
				CODE_SIGN_STYLE = Automatic;
				CURRENT_PROJECT_VERSION = 1;
				DEVELOPMENT_TEAM = 83YV88VTB8;
				GENERATE_INFOPLIST_FILE = YES;
				MARKETING_VERSION = 1.0;
				PRODUCT_BUNDLE_IDENTIFIER = Bashar.ZnuniUITests;
				PRODUCT_NAME = "$(TARGET_NAME)";
				STRING_CATALOG_GENERATE_SYMBOLS = NO;
				SWIFT_APPROACHABLE_CONCURRENCY = YES;
				SWIFT_EMIT_LOC_STRINGS = NO;
				SWIFT_UPCOMING_FEATURE_MEMBER_IMPORT_VISIBILITY = YES;
				SWIFT_VERSION = 5.0;
				TARGETED_DEVICE_FAMILY = "1,2";
				TEST_TARGET_NAME = Znuni;
			};
			name = Debug;
		};
		03CD27562F4B123F0011395A /* Release */ = {
			isa = XCBuildConfiguration;
			buildSettings = {
				CODE_SIGN_STYLE = Automatic;
				CURRENT_PROJECT_VERSION = 1;
				DEVELOPMENT_TEAM = 83YV88VTB8;
				GENERATE_INFOPLIST_FILE = YES;
				MARKETING_VERSION = 1.0;
				PRODUCT_BUNDLE_IDENTIFIER = Bashar.ZnuniUITests;
				PRODUCT_NAME = "$(TARGET_NAME)";
				STRING_CATALOG_GENERATE_SYMBOLS = NO;
				SWIFT_APPROACHABLE_CONCURRENCY = YES;
				SWIFT_EMIT_LOC_STRINGS = NO;
				SWIFT_UPCOMING_FEATURE_MEMBER_IMPORT_VISIBILITY = YES;
				SWIFT_VERSION = 5.0;
				TARGETED_DEVICE_FAMILY = "1,2";
				TEST_TARGET_NAME = Znuni;
			};
			name = Release;
		};
		03CD27662F4B12400011395A /* Debug */ = {
			isa = XCBuildConfiguration;
			buildSettings = {
				CODE_SIGN_STYLE = Automatic;
				CURRENT_PROJECT_VERSION = 1;
				DEVELOPMENT_TEAM = 83YV88VTB8;
				GENERATE_INFOPLIST_FILE = YES;
				INFOPLIST_FILE = ZnuniWidget/Info.plist;
				INFOPLIST_KEY_CFBundleDisplayName = "Znüni Widget";
				INFOPLIST_KEY_NSHumanReadableCopyright = "";
				IPHONEOS_DEPLOYMENT_TARGET = 17.0;
				LD_RUNPATH_SEARCH_PATHS = (
					"$(inherited)",
					"@executable_path/Frameworks",
					"@executable_path/../../Frameworks",
				);
				MARKETING_VERSION = 1.0;
				PRODUCT_BUNDLE_IDENTIFIER = Bashar.Znuni.ZnuniWidgetExtension;
				PRODUCT_NAME = "$(TARGET_NAME)";
				SKIP_INSTALL = YES;
				SWIFT_APPROACHABLE_CONCURRENCY = YES;
				SWIFT_EMIT_LOC_STRINGS = YES;
				SWIFT_VERSION = 5.0;
				TARGETED_DEVICE_FAMILY = "1,2";
			};
			name = Debug;
		};
		03CD27672F4B12400011395A /* Release */ = {
			isa = XCBuildConfiguration;
			buildSettings = {
				CODE_SIGN_STYLE = Automatic;
				CURRENT_PROJECT_VERSION = 1;
				DEVELOPMENT_TEAM = 83YV88VTB8;
				GENERATE_INFOPLIST_FILE = YES;
				INFOPLIST_FILE = ZnuniWidget/Info.plist;
				INFOPLIST_KEY_CFBundleDisplayName = "Znüni Widget";
				INFOPLIST_KEY_NSHumanReadableCopyright = "";
				IPHONEOS_DEPLOYMENT_TARGET = 17.0;
				LD_RUNPATH_SEARCH_PATHS = (
					"$(inherited)",
					"@executable_path/Frameworks",
					"@executable_path/../../Frameworks",
				);
				MARKETING_VERSION = 1.0;
				PRODUCT_BUNDLE_IDENTIFIER = Bashar.Znuni.ZnuniWidgetExtension;
				PRODUCT_NAME = "$(TARGET_NAME)";
				SKIP_INSTALL = YES;
				SWIFT_APPROACHABLE_CONCURRENCY = YES;
				SWIFT_EMIT_LOC_STRINGS = YES;
				SWIFT_VERSION = 5.0;
				TARGETED_DEVICE_FAMILY = "1,2";
			};
			name = Release;
		};
/* End XCBuildConfiguration section */

/* Begin XCConfigurationList section */
		03CD27282F4B123E0011395A /* Build configuration list for PBXProject "Znuni" */ = {
			isa = XCConfigurationList;
			buildConfigurations = (
				03CD274C2F4B123F0011395A /* Debug */,
				03CD274D2F4B123F0011395A /* Release */,
			);
			defaultConfigurationIsVisible = 0;
			defaultConfigurationName = Release;
		};
		03CD274E2F4B123F0011395A /* Build configuration list for PBXNativeTarget "Znuni" */ = {
			isa = XCConfigurationList;
			buildConfigurations = (
				03CD274F2F4B123F0011395A /* Debug */,
				03CD27502F4B123F0011395A /* Release */,
			);
			defaultConfigurationIsVisible = 0;
			defaultConfigurationName = Release;
		};
		03CD27512F4B123F0011395A /* Build configuration list for PBXNativeTarget "ZnuniTests" */ = {
			isa = XCConfigurationList;
			buildConfigurations = (
				03CD27522F4B123F0011395A /* Debug */,
				03CD27532F4B123F0011395A /* Release */,
			);
			defaultConfigurationIsVisible = 0;
			defaultConfigurationName = Release;
		};
		03CD27542F4B123F0011395A /* Build configuration list for PBXNativeTarget "ZnuniUITests" */ = {
			isa = XCConfigurationList;
			buildConfigurations = (
				03CD27552F4B123F0011395A /* Debug */,
				03CD27562F4B123F0011395A /* Release */,
			);
			defaultConfigurationIsVisible = 0;
			defaultConfigurationName = Release;
		};
		03CD27682F4B12400011395A /* Build configuration list for PBXNativeTarget "ZnuniWidgetExtension" */ = {
			isa = XCConfigurationList;
			buildConfigurations = (
				03CD27662F4B12400011395A /* Debug */,
				03CD27672F4B12400011395A /* Release */,
			);
			defaultConfigurationIsVisible = 0;
			defaultConfigurationName = Release;
		};
/* End XCConfigurationList section */

/* Begin XCRemoteSwiftPackageReference section */
		0348D4E92F68ACF0004FA174 /* XCRemoteSwiftPackageReference "SwiftSDK" */ = {
			isa = XCRemoteSwiftPackageReference;
			repositoryURL = "https://github.com/TelemetryDeck/SwiftSDK";
			requirement = {
				kind = upToNextMajorVersion;
				minimumVersion = 2.11.0;
			};
		};
/* End XCRemoteSwiftPackageReference section */

/* Begin XCSwiftPackageProductDependency section */
		0348D4EB2F68AD00004FA174 /* TelemetryDeck */ = {
			isa = XCSwiftPackageProductDependency;
			package = 0348D4E92F68ACF0004FA174 /* XCRemoteSwiftPackageReference "SwiftSDK" */;
			productName = TelemetryDeck;
		};
/* End XCSwiftPackageProductDependency section */
	};
	rootObject = 03CD27252F4B123E0011395A /* Project object */;
}
